
Microsoft Visual Studio Solution File, Format Version 12.00
# Visual Studio Version 17
VisualStudioVersion = 17.1.32421.90
MinimumVisualStudioVersion = 10.0.40219.1
Project("{9A19103F-16F7-4668-BE54-9A1E7A4F7556}") = "CryptoPlayground.Services", "CryptoPlayground.Services\CryptoPlayground.Services.csproj", "{BAC3F0FA-5FCA-48D0-A985-8303FEBDFEA3}"
EndProject
Project("{9A19103F-16F7-4668-BE54-9A1E7A4F7556}") = "CryptoPlayground.Tests", "CryptoPlayground.Tests\CryptoPlayground.Tests.csproj", "{0BED6E8E-68FA-4FFF-BAD1-E3DD53435DC4}"
EndProject
Project("{9A19103F-16F7-4668-BE54-9A1E7A4F7556}") = "CryptoPlayground.Domain", "CryptoPlayground.Domain\CryptoPlayground.Domain.csproj", "{5C2FD16F-E177-46CE-A4D5-E09F328A014C}"
EndProject
Project("{9A19103F-16F7-4668-BE54-9A1E7A4F7556}") = "CryptoPlayground.Repositories", "CryptoPlayground.Repositories\CryptoPlayground.Repositories.csproj", "{4A0642B1-B4FB-417F-A2A7-7E21C0285634}"
EndProject
Global
	GlobalSection(SolutionConfigurationPlatforms) = preSolution
		Debug|Any CPU = Debug|Any CPU
		Release|Any CPU = Release|Any CPU
	EndGlobalSection
	GlobalSection(ProjectConfigurationPlatforms) = postSolution
		{BAC3F0FA-5FCA-48D0-A985-8303FEBDFEA3}.Debug|Any CPU.ActiveCfg = Debug|Any CPU
		{BAC3F0FA-5FCA-48D0-A985-8303FEBDFEA3}.Debug|Any CPU.Build.0 = Debug|Any CPU
		{BAC3F0FA-5FCA-48D0-A985-8303FEBDFEA3}.Release|Any CPU.ActiveCfg = Release|Any CPU
		{BAC3F0FA-5FCA-48D0-A985-8303FEBDFEA3}.Release|Any CPU.Build.0 = Release|Any CPU
		{0BED6E8E-68FA-4FFF-BAD1-E3DD53435DC4}.Debug|Any CPU.ActiveCfg = Debug|Any CPU
		{0BED6E8E-68FA-4FFF-BAD1-E3DD53435DC4}.Debug|Any CPU.Build.0 = Debug|Any CPU
		{0BED6E8E-68FA-4FFF-BAD1-E3DD53435DC4}.Release|Any CPU.ActiveCfg = Release|Any CPU
		{0BED6E8E-68FA-4FFF-BAD1-E3DD53435DC4}.Release|Any CPU.Build.0 = Release|Any CPU
		{5C2FD16F-E177-46CE-A4D5-E09F328A014C}.Debug|Any CPU.ActiveCfg = Debug|Any CPU
		{5C2FD16F-E177-46CE-A4D5-E09F328A014C}.Debug|Any CPU.Build.0 = Debug|Any CPU
		{5C2FD16F-E177-46CE-A4D5-E09F328A014C}.Release|Any CPU.ActiveCfg = Release|Any CPU
		{5C2FD16F-E177-46CE-A4D5-E09F328A014C}.Release|Any CPU.Build.0 = Release|Any CPU
		{4A0642B1-B4FB-417F-A2A7-7E21C0285634}.Debug|Any CPU.ActiveCfg = Debug|Any CPU
		{4A0642B1-B4FB-417F-A2A7-7E21C0285634}.Debug|Any CPU.Build.0 = Debug|Any CPU
		{4A0642B1-B4FB-417F-A2A7-7E21C0285634}.Release|Any CPU.ActiveCfg = Release|Any CPU
		{4A0642B1-B4FB-417F-A2A7-7E21C0285634}.Release|Any CPU.Build.0 = Release|Any CPU
	EndGlobalSection
	GlobalSection(SolutionProperties) = preSolution
		HideSolutionNode = FALSE
	EndGlobalSection
	GlobalSection(ExtensibilityGlobals) = postSolution
		SolutionGuid = {2F674421-2C21-465E-9E2C-3A06A8620F21}
	EndGlobalSection
EndGlobal
