
Microsoft Visual Studio Solution File, Format Version 12.00
# Visual Studio Version 17
VisualStudioVersion = 17.3.32611.2
MinimumVisualStudioVersion = 10.0.40219.1
Project("{9A19103F-16F7-4668-BE54-9A1E7A4F7556}") = "HashGenerator.Services", "HashGenerator.Services\HashGenerator.Services.csproj", "{7805069B-5F75-4F10-A736-9E5CF968FC36}"
EndProject
Project("{FAE04EC0-301F-11D3-BF4B-00C04F79EFBC}") = "HashGenerator.Tests", "HashGenerator.Tests\HashGenerator.Tests.csproj", "{1454BED7-17AB-4935-B4E0-5307FE50095B}"
EndProject
Global
	GlobalSection(SolutionConfigurationPlatforms) = preSolution
		Debug|Any CPU = Debug|Any CPU
		Release|Any CPU = Release|Any CPU
	EndGlobalSection
	GlobalSection(ProjectConfigurationPlatforms) = postSolution
		{7805069B-5F75-4F10-A736-9E5CF968FC36}.Debug|Any CPU.ActiveCfg = Debug|Any CPU
		{7805069B-5F75-4F10-A736-9E5CF968FC36}.Debug|Any CPU.Build.0 = Debug|Any CPU
		{7805069B-5F75-4F10-A736-9E5CF968FC36}.Release|Any CPU.ActiveCfg = Release|Any CPU
		{7805069B-5F75-4F10-A736-9E5CF968FC36}.Release|Any CPU.Build.0 = Release|Any CPU
		{1454BED7-17AB-4935-B4E0-5307FE50095B}.Debug|Any CPU.ActiveCfg = Debug|Any CPU
		{1454BED7-17AB-4935-B4E0-5307FE50095B}.Debug|Any CPU.Build.0 = Debug|Any CPU
		{1454BED7-17AB-4935-B4E0-5307FE50095B}.Release|Any CPU.ActiveCfg = Release|Any CPU
		{1454BED7-17AB-4935-B4E0-5307FE50095B}.Release|Any CPU.Build.0 = Release|Any CPU
	EndGlobalSection
	GlobalSection(SolutionProperties) = preSolution
		HideSolutionNode = FALSE
	EndGlobalSection
	GlobalSection(ExtensibilityGlobals) = postSolution
		SolutionGuid = {340545E3-592C-40B8-B006-86CA76772666}
	EndGlobalSection
EndGlobal
